
Microsoft Visual Studio Solution File, Format Version 12.00
# Visual Studio 2013
VisualStudioVersion = 12.0.21005.1
MinimumVisualStudioVersion = 10.0.40219.1
Project("{8BC9CEB8-8B4A-11D0-8D11-00A0C91BC942}") = "HelloWorld", "HelloWorld\HelloWorld.vcxproj", "{448D5FDF-499E-4008-9595-AD9EBED6EE5D}"
EndProject
Project("{8BC9CEB8-8B4A-11D0-8D11-00A0C91BC942}") = "响应按钮事件", "响应按钮事件\响应按钮事件.vcxproj", "{BCCBECA4-D561-4705-854B-77E9C5FB1CC9}"
EndProject
Project("{8BC9CEB8-8B4A-11D0-8D11-00A0C91BC942}") = "自绘标题栏", "自绘标题栏\自绘标题栏.vcxproj", "{BB67DBE9-1ADF-4CCC-8CC4-DCFDB1C56416}"
EndProject
Project("{8BC9CEB8-8B4A-11D0-8D11-00A0C91BC942}") = "XML配置界面", "XML配置界面\XML配置界面.vcxproj", "{CC759836-979F-4BE8-886D-8B3B23D7F49D}"
EndProject
Project("{8BC9CEB8-8B4A-11D0-8D11-00A0C91BC942}") = "XML基础类", "XML基础类\XML基础类.vcxproj", "{D4D3DB05-3F39-4C77-8F39-56C91958D227}"
EndProject
Project("{8BC9CEB8-8B4A-11D0-8D11-00A0C91BC942}") = "自绘标题栏XML版", "自绘标题栏XML版\自绘标题栏XML版.vcxproj", "{C1B1BC66-5C9C-4E93-9B4B-54FBFA7DD658}"
EndProject
Project("{8BC9CEB8-8B4A-11D0-8D11-00A0C91BC942}") = "界面布局", "界面布局\界面布局.vcxproj", "{F3185B51-59D6-461F-9117-594A896041D5}"
EndProject
Project("{8BC9CEB8-8B4A-11D0-8D11-00A0C91BC942}") = "使用DuiDesigner", "使用DuiDesigner\使用DuiDesigner.vcxproj", "{C311AA3E-5F69-40E6-BC54-7FE600015515}"
EndProject
Project("{8BC9CEB8-8B4A-11D0-8D11-00A0C91BC942}") = "Bug", "Bug\Bug.vcxproj", "{2685D4CB-3359-49AE-A607-4BA6BF5DA3A5}"
EndProject
Project("{8BC9CEB8-8B4A-11D0-8D11-00A0C91BC942}") = "简单控件", "简单控件\简单控件.vcxproj", "{FECCBEEB-1C94-4DE5-88B4-780275F348A6}"
EndProject
Project("{8BC9CEB8-8B4A-11D0-8D11-00A0C91BC942}") = "复杂控件", "复杂控件\复杂控件.vcxproj", "{BBF285A3-CF27-4392-82A1-6E23B7167276}"
EndProject
Global
	GlobalSection(SolutionConfigurationPlatforms) = preSolution
		Debug|Win32 = Debug|Win32
		Release|Win32 = Release|Win32
	EndGlobalSection
	GlobalSection(ProjectConfigurationPlatforms) = postSolution
		{448D5FDF-499E-4008-9595-AD9EBED6EE5D}.Debug|Win32.ActiveCfg = Debug|Win32
		{448D5FDF-499E-4008-9595-AD9EBED6EE5D}.Debug|Win32.Build.0 = Debug|Win32
		{448D5FDF-499E-4008-9595-AD9EBED6EE5D}.Release|Win32.ActiveCfg = Release|Win32
		{448D5FDF-499E-4008-9595-AD9EBED6EE5D}.Release|Win32.Build.0 = Release|Win32
		{BCCBECA4-D561-4705-854B-77E9C5FB1CC9}.Debug|Win32.ActiveCfg = Debug|Win32
		{BCCBECA4-D561-4705-854B-77E9C5FB1CC9}.Debug|Win32.Build.0 = Debug|Win32
		{BCCBECA4-D561-4705-854B-77E9C5FB1CC9}.Release|Win32.ActiveCfg = Release|Win32
		{BCCBECA4-D561-4705-854B-77E9C5FB1CC9}.Release|Win32.Build.0 = Release|Win32
		{BB67DBE9-1ADF-4CCC-8CC4-DCFDB1C56416}.Debug|Win32.ActiveCfg = Debug|Win32
		{BB67DBE9-1ADF-4CCC-8CC4-DCFDB1C56416}.Debug|Win32.Build.0 = Debug|Win32
		{BB67DBE9-1ADF-4CCC-8CC4-DCFDB1C56416}.Release|Win32.ActiveCfg = Release|Win32
		{BB67DBE9-1ADF-4CCC-8CC4-DCFDB1C56416}.Release|Win32.Build.0 = Release|Win32
		{CC759836-979F-4BE8-886D-8B3B23D7F49D}.Debug|Win32.ActiveCfg = Debug|Win32
		{CC759836-979F-4BE8-886D-8B3B23D7F49D}.Debug|Win32.Build.0 = Debug|Win32
		{CC759836-979F-4BE8-886D-8B3B23D7F49D}.Release|Win32.ActiveCfg = Release|Win32
		{CC759836-979F-4BE8-886D-8B3B23D7F49D}.Release|Win32.Build.0 = Release|Win32
		{D4D3DB05-3F39-4C77-8F39-56C91958D227}.Debug|Win32.ActiveCfg = Debug|Win32
		{D4D3DB05-3F39-4C77-8F39-56C91958D227}.Debug|Win32.Build.0 = Debug|Win32
		{D4D3DB05-3F39-4C77-8F39-56C91958D227}.Release|Win32.ActiveCfg = Release|Win32
		{D4D3DB05-3F39-4C77-8F39-56C91958D227}.Release|Win32.Build.0 = Release|Win32
		{C1B1BC66-5C9C-4E93-9B4B-54FBFA7DD658}.Debug|Win32.ActiveCfg = Debug|Win32
		{C1B1BC66-5C9C-4E93-9B4B-54FBFA7DD658}.Debug|Win32.Build.0 = Debug|Win32
		{C1B1BC66-5C9C-4E93-9B4B-54FBFA7DD658}.Release|Win32.ActiveCfg = Release|Win32
		{C1B1BC66-5C9C-4E93-9B4B-54FBFA7DD658}.Release|Win32.Build.0 = Release|Win32
		{F3185B51-59D6-461F-9117-594A896041D5}.Debug|Win32.ActiveCfg = Debug|Win32
		{F3185B51-59D6-461F-9117-594A896041D5}.Debug|Win32.Build.0 = Debug|Win32
		{F3185B51-59D6-461F-9117-594A896041D5}.Release|Win32.ActiveCfg = Release|Win32
		{F3185B51-59D6-461F-9117-594A896041D5}.Release|Win32.Build.0 = Release|Win32
		{C311AA3E-5F69-40E6-BC54-7FE600015515}.Debug|Win32.ActiveCfg = Debug|Win32
		{C311AA3E-5F69-40E6-BC54-7FE600015515}.Debug|Win32.Build.0 = Debug|Win32
		{C311AA3E-5F69-40E6-BC54-7FE600015515}.Release|Win32.ActiveCfg = Release|Win32
		{C311AA3E-5F69-40E6-BC54-7FE600015515}.Release|Win32.Build.0 = Release|Win32
		{2685D4CB-3359-49AE-A607-4BA6BF5DA3A5}.Debug|Win32.ActiveCfg = Debug|Win32
		{2685D4CB-3359-49AE-A607-4BA6BF5DA3A5}.Debug|Win32.Build.0 = Debug|Win32
		{2685D4CB-3359-49AE-A607-4BA6BF5DA3A5}.Release|Win32.ActiveCfg = Release|Win32
		{2685D4CB-3359-49AE-A607-4BA6BF5DA3A5}.Release|Win32.Build.0 = Release|Win32
		{FECCBEEB-1C94-4DE5-88B4-780275F348A6}.Debug|Win32.ActiveCfg = Debug|Win32
		{FECCBEEB-1C94-4DE5-88B4-780275F348A6}.Debug|Win32.Build.0 = Debug|Win32
		{FECCBEEB-1C94-4DE5-88B4-780275F348A6}.Release|Win32.ActiveCfg = Release|Win32
		{FECCBEEB-1C94-4DE5-88B4-780275F348A6}.Release|Win32.Build.0 = Release|Win32
		{BBF285A3-CF27-4392-82A1-6E23B7167276}.Debug|Win32.ActiveCfg = Debug|Win32
		{BBF285A3-CF27-4392-82A1-6E23B7167276}.Debug|Win32.Build.0 = Debug|Win32
		{BBF285A3-CF27-4392-82A1-6E23B7167276}.Release|Win32.ActiveCfg = Release|Win32
		{BBF285A3-CF27-4392-82A1-6E23B7167276}.Release|Win32.Build.0 = Release|Win32
	EndGlobalSection
	GlobalSection(SolutionProperties) = preSolution
		HideSolutionNode = FALSE
	EndGlobalSection
EndGlobal
